
Microsoft Visual Studio Solution File, Format Version 12.00
Project("{FAE04EC0-301F-11D3-BF4B-00C04F79EFBC}") = "Domain", "Domain\Domain.csproj", "{DC7CF843-DFCB-454F-B20A-B9F1DD4B3778}"
EndProject
Project("{FAE04EC0-301F-11D3-BF4B-00C04F79EFBC}") = "Api", "Api\Api.csproj", "{20475E0C-133D-4406-9734-581ABF2D77D9}"
EndProject
Project("{FAE04EC0-301F-11D3-BF4B-00C04F79EFBC}") = "Application", "Application\Application.csproj", "{C1229BC1-BA72-4FF4-9F17-8F38A67236CB}"
EndProject
Project("{2150E333-8FDC-42A3-9474-1A3956D46DE8}") = "IO", "IO", "{20FB1E10-1152-4A03-9120-5B04030B8B31}"
EndProject
Project("{FAE04EC0-301F-11D3-BF4B-00C04F79EFBC}") = "MessageHandler", "MessageHandler\MessageHandler.csproj", "{EF417BB2-602D-46EE-B0F1-DC42D266E926}"
EndProject
Project("{2150E333-8FDC-42A3-9474-1A3956D46DE8}") = "Infra", "Infra", "{99B88467-E005-4717-95D3-E88508827C35}"
EndProject
Project("{FAE04EC0-301F-11D3-BF4B-00C04F79EFBC}") = "Subscriber", "Subscriber\Subscriber.csproj", "{2106324C-3251-4CDB-9A11-EB919EC7BDE8}"
EndProject
Project("{2150E333-8FDC-42A3-9474-1A3956D46DE8}") = "Plugins", "Plugins", "{CCF5B269-EC41-4783-8604-0FD2600D1362}"
EndProject
Project("{FAE04EC0-301F-11D3-BF4B-00C04F79EFBC}") = "PubSub", "PubSub\PubSub.csproj", "{022108D5-AF60-4A5D-B1B7-35ACD314EE70}"
EndProject
Project("{FAE04EC0-301F-11D3-BF4B-00C04F79EFBC}") = "InMemoryRepository", "InMemoryRepository\InMemoryRepository.csproj", "{CF2D3AC5-868A-413C-8406-1B1F067B94A1}"
EndProject
Global
	GlobalSection(SolutionConfigurationPlatforms) = preSolution
		Debug|Any CPU = Debug|Any CPU
		Release|Any CPU = Release|Any CPU
	EndGlobalSection
	GlobalSection(ProjectConfigurationPlatforms) = postSolution
		{DC7CF843-DFCB-454F-B20A-B9F1DD4B3778}.Debug|Any CPU.ActiveCfg = Debug|Any CPU
		{DC7CF843-DFCB-454F-B20A-B9F1DD4B3778}.Debug|Any CPU.Build.0 = Debug|Any CPU
		{DC7CF843-DFCB-454F-B20A-B9F1DD4B3778}.Release|Any CPU.ActiveCfg = Release|Any CPU
		{DC7CF843-DFCB-454F-B20A-B9F1DD4B3778}.Release|Any CPU.Build.0 = Release|Any CPU
		{20475E0C-133D-4406-9734-581ABF2D77D9}.Debug|Any CPU.ActiveCfg = Debug|Any CPU
		{20475E0C-133D-4406-9734-581ABF2D77D9}.Debug|Any CPU.Build.0 = Debug|Any CPU
		{20475E0C-133D-4406-9734-581ABF2D77D9}.Release|Any CPU.ActiveCfg = Release|Any CPU
		{20475E0C-133D-4406-9734-581ABF2D77D9}.Release|Any CPU.Build.0 = Release|Any CPU
		{C1229BC1-BA72-4FF4-9F17-8F38A67236CB}.Debug|Any CPU.ActiveCfg = Debug|Any CPU
		{C1229BC1-BA72-4FF4-9F17-8F38A67236CB}.Debug|Any CPU.Build.0 = Debug|Any CPU
		{C1229BC1-BA72-4FF4-9F17-8F38A67236CB}.Release|Any CPU.ActiveCfg = Release|Any CPU
		{C1229BC1-BA72-4FF4-9F17-8F38A67236CB}.Release|Any CPU.Build.0 = Release|Any CPU
		{EF417BB2-602D-46EE-B0F1-DC42D266E926}.Debug|Any CPU.ActiveCfg = Debug|Any CPU
		{EF417BB2-602D-46EE-B0F1-DC42D266E926}.Debug|Any CPU.Build.0 = Debug|Any CPU
		{EF417BB2-602D-46EE-B0F1-DC42D266E926}.Release|Any CPU.ActiveCfg = Release|Any CPU
		{EF417BB2-602D-46EE-B0F1-DC42D266E926}.Release|Any CPU.Build.0 = Release|Any CPU
		{2106324C-3251-4CDB-9A11-EB919EC7BDE8}.Debug|Any CPU.ActiveCfg = Debug|Any CPU
		{2106324C-3251-4CDB-9A11-EB919EC7BDE8}.Debug|Any CPU.Build.0 = Debug|Any CPU
		{2106324C-3251-4CDB-9A11-EB919EC7BDE8}.Release|Any CPU.ActiveCfg = Release|Any CPU
		{2106324C-3251-4CDB-9A11-EB919EC7BDE8}.Release|Any CPU.Build.0 = Release|Any CPU
		{022108D5-AF60-4A5D-B1B7-35ACD314EE70}.Debug|Any CPU.ActiveCfg = Debug|Any CPU
		{022108D5-AF60-4A5D-B1B7-35ACD314EE70}.Debug|Any CPU.Build.0 = Debug|Any CPU
		{022108D5-AF60-4A5D-B1B7-35ACD314EE70}.Release|Any CPU.ActiveCfg = Release|Any CPU
		{022108D5-AF60-4A5D-B1B7-35ACD314EE70}.Release|Any CPU.Build.0 = Release|Any CPU
		{CF2D3AC5-868A-413C-8406-1B1F067B94A1}.Debug|Any CPU.ActiveCfg = Debug|Any CPU
		{CF2D3AC5-868A-413C-8406-1B1F067B94A1}.Debug|Any CPU.Build.0 = Debug|Any CPU
		{CF2D3AC5-868A-413C-8406-1B1F067B94A1}.Release|Any CPU.ActiveCfg = Release|Any CPU
		{CF2D3AC5-868A-413C-8406-1B1F067B94A1}.Release|Any CPU.Build.0 = Release|Any CPU
	EndGlobalSection
	GlobalSection(NestedProjects) = preSolution
		{20475E0C-133D-4406-9734-581ABF2D77D9} = {20FB1E10-1152-4A03-9120-5B04030B8B31}
		{EF417BB2-602D-46EE-B0F1-DC42D266E926} = {99B88467-E005-4717-95D3-E88508827C35}
		{2106324C-3251-4CDB-9A11-EB919EC7BDE8} = {20FB1E10-1152-4A03-9120-5B04030B8B31}
		{022108D5-AF60-4A5D-B1B7-35ACD314EE70} = {CCF5B269-EC41-4783-8604-0FD2600D1362}
		{CF2D3AC5-868A-413C-8406-1B1F067B94A1} = {CCF5B269-EC41-4783-8604-0FD2600D1362}
	EndGlobalSection
EndGlobal
